// !$*UTF8*$!
{
	archiveVersion = 1;
	classes = {
	};
	objectVersion = 46;
	objects = {

/* Begin PBXBuildFile section */
		28507DB11A986896000ACEF6 /* AppDelegate.m in Sources */ = {isa = PBXBuildFile; fileRef = 28507DB01A986896000ACEF6 /* AppDelegate.m */; };
		28507DB31A986896000ACEF6 /* main.m in Sources */ = {isa = PBXBuildFile; fileRef = 28507DB21A986896000ACEF6 /* main.m */; };
		28507DB51A986896000ACEF6 /* Images.xcassets in Resources */ = {isa = PBXBuildFile; fileRef = 28507DB41A986896000ACEF6 /* Images.xcassets */; };
		28507DB81A986896000ACEF6 /* MainMenu.xib in Resources */ = {isa = PBXBuildFile; fileRef = 28507DB61A986896000ACEF6 /* MainMenu.xib */; };
		28507DCF1A986907000ACEF6 /* CursorsView.m in Sources */ = {isa = PBXBuildFile; fileRef = 28507DCE1A986907000ACEF6 /* CursorsView.m */; };
		28507DD21A986922000ACEF6 /* CursorsWindow.m in Sources */ = {isa = PBXBuildFile; fileRef = 28507DD11A986922000ACEF6 /* CursorsWindow.m */; };
		28507DD51A98693E000ACEF6 /* CursorsController.m in Sources */ = {isa = PBXBuildFile; fileRef = 28507DD41A98693E000ACEF6 /* CursorsController.m */; };
/* End PBXBuildFile section */

/* Begin PBXFileReference section */
		28507DAA1A986896000ACEF6 /* Cursors.app */ = {isa = PBXFileReference; explicitFileType = wrapper.application; includeInIndex = 0; path = Cursors.app; sourceTree = BUILT_PRODUCTS_DIR; };
		28507DAE1A986896000ACEF6 /* Info.plist */ = {isa = PBXFileReference; lastKnownFileType = text.plist.xml; path = Info.plist; sourceTree = "<group>"; };
		28507DAF1A986896000ACEF6 /* AppDelegate.h */ = {isa = PBXFileReference; lastKnownFileType = sourcecode.c.h; path = AppDelegate.h; sourceTree = "<group>"; };
		28507DB01A986896000ACEF6 /* AppDelegate.m */ = {isa = PBXFileReference; lastKnownFileType = sourcecode.c.objc; path = AppDelegate.m; sourceTree = "<group>"; };
		28507DB21A986896000ACEF6 /* main.m */ = {isa = PBXFileReference; lastKnownFileType = sourcecode.c.objc; path = main.m; sourceTree = "<group>"; };
		28507DB41A986896000ACEF6 /* Images.xcassets */ = {isa = PBXFileReference; lastKnownFileType = folder.assetcatalog; path = Images.xcassets; sourceTree = "<group>"; };
		28507DB71A986896000ACEF6 /* Base */ = {isa = PBXFileReference; lastKnownFileType = file.xib; name = Base; path = Base.lproj/MainMenu.xib; sourceTree = "<group>"; };
		28507DCD1A986907000ACEF6 /* CursorsView.h */ = {isa = PBXFileReference; fileEncoding = 4; lastKnownFileType = sourcecode.c.h; path = CursorsView.h; sourceTree = "<group>"; };
		28507DCE1A986907000ACEF6 /* CursorsView.m */ = {isa = PBXFileReference; fileEncoding = 4; lastKnownFileType = sourcecode.c.objc; path = CursorsView.m; sourceTree = "<group>"; };
		28507DD01A986922000ACEF6 /* CursorsWindow.h */ = {isa = PBXFileReference; fileEncoding = 4; lastKnownFileType = sourcecode.c.h; path = CursorsWindow.h; sourceTree = "<group>"; };
		28507DD11A986922000ACEF6 /* CursorsWindow.m */ = {isa = PBXFileReference; fileEncoding = 4; lastKnownFileType = sourcecode.c.objc; path = CursorsWindow.m; sourceTree = "<group>"; };
		28507DD31A98693E000ACEF6 /* CursorsController.h */ = {isa = PBXFileReference; fileEncoding = 4; lastKnownFileType = sourcecode.c.h; path = CursorsController.h; sourceTree = "<group>"; };
		28507DD41A98693E000ACEF6 /* CursorsController.m */ = {isa = PBXFileReference; fileEncoding = 4; lastKnownFileType = sourcecode.c.objc; path = CursorsController.m; sourceTree = "<group>"; };
/* End PBXFileReference section */

/* Begin PBXFrameworksBuildPhase section */
		28507DA71A986896000ACEF6 /* Frameworks */ = {
			isa = PBXFrameworksBuildPhase;
			buildActionMask = 2147483647;
			files = (
			);
			runOnlyForDeploymentPostprocessing = 0;
		};
/* End PBXFrameworksBuildPhase section */

/* Begin PBXGroup section */
		28507DA11A986896000ACEF6 = {
			isa = PBXGroup;
			children = (
				28507DAC1A986896000ACEF6 /* Cursors */,
				28507DAB1A986896000ACEF6 /* Products */,
			);
			sourceTree = "<group>";
		};
		28507DAB1A986896000ACEF6 /* Products */ = {
			isa = PBXGroup;
			children = (
				28507DAA1A986896000ACEF6 /* Cursors.app */,
			);
			name = Products;
			sourceTree = "<group>";
		};
		28507DAC1A986896000ACEF6 /* Cursors */ = {
			isa = PBXGroup;
			children = (
				28507DAF1A986896000ACEF6 /* AppDelegate.h */,
				28507DB01A986896000ACEF6 /* AppDelegate.m */,
				28507DB41A986896000ACEF6 /* Images.xcassets */,
				28507DB61A986896000ACEF6 /* MainMenu.xib */,
				28507DCD1A986907000ACEF6 /* CursorsView.h */,
				28507DCE1A986907000ACEF6 /* CursorsView.m */,
				28507DD01A986922000ACEF6 /* CursorsWindow.h */,
				28507DD11A986922000ACEF6 /* CursorsWindow.m */,
				28507DD31A98693E000ACEF6 /* CursorsController.h */,
				28507DD41A98693E000ACEF6 /* CursorsController.m */,
				28507DAD1A986896000ACEF6 /* Supporting Files */,
			);
			path = Cursors;
			sourceTree = "<group>";
		};
		28507DAD1A986896000ACEF6 /* Supporting Files */ = {
			isa = PBXGroup;
			children = (
				28507DAE1A986896000ACEF6 /* Info.plist */,
				28507DB21A986896000ACEF6 /* main.m */,
			);
			name = "Supporting Files";
			sourceTree = "<group>";
		};
/* End PBXGroup section */

/* Begin PBXNativeTarget section */
		28507DA91A986896000ACEF6 /* Cursors */ = {
			isa = PBXNativeTarget;
			buildConfigurationList = 28507DC71A986896000ACEF6 /* Build configuration list for PBXNativeTarget "Cursors" */;
			buildPhases = (
				28507DA61A986896000ACEF6 /* Sources */,
				28507DA71A986896000ACEF6 /* Frameworks */,
				28507DA81A986896000ACEF6 /* Resources */,
			);
			buildRules = (
			);
			dependencies = (
			);
			name = Cursors;
			productName = Cursors;
			productReference = 28507DAA1A986896000ACEF6 /* Cursors.app */;
			productType = "com.apple.product-type.application";
		};
/* End PBXNativeTarget section */

/* Begin PBXProject section */
		28507DA21A986896000ACEF6 /* Project object */ = {
			isa = PBXProject;
			attributes = {
				LastUpgradeCheck = 0610;
				ORGANIZATIONNAME = "Tim Guo";
				TargetAttributes = {
					28507DA91A986896000ACEF6 = {
						CreatedOnToolsVersion = 6.1.1;
					};
				};
			};
			buildConfigurationList = 28507DA51A986896000ACEF6 /* Build configuration list for PBXProject "Cursors" */;
			compatibilityVersion = "Xcode 3.2";
			developmentRegion = English;
			hasScannedForEncodings = 0;
			knownRegions = (
				en,
				Base,
			);
			mainGroup = 28507DA11A986896000ACEF6;
			productRefGroup = 28507DAB1A986896000ACEF6 /* Products */;
			projectDirPath = "";
			projectRoot = "";
			targets = (
				28507DA91A986896000ACEF6 /* Cursors */,
			);
		};
/* End PBXProject section */

/* Begin PBXResourcesBuildPhase section */
		28507DA81A986896000ACEF6 /* Resources */ = {
			isa = PBXResourcesBuildPhase;
			buildActionMask = 2147483647;
			files = (
				28507DB51A986896000ACEF6 /* Images.xcassets in Resources */,
				28507DB81A986896000ACEF6 /* MainMenu.xib in Resources */,
			);
			runOnlyForDeploymentPostprocessing = 0;
		};
/* End PBXResourcesBuildPhase section */

/* Begin PBXSourcesBuildPhase section */
		28507DA61A986896000ACEF6 /* Sources */ = {
			isa = PBXSourcesBuildPhase;
			buildActionMask = 2147483647;
			files = (
				28507DCF1A986907000ACEF6 /* CursorsView.m in Sources */,
				28507DB31A986896000ACEF6 /* main.m in Sources */,
				28507DD51A98693E000ACEF6 /* CursorsController.m in Sources */,
				28507DB11A986896000ACEF6 /* AppDelegate.m in Sources */,
				28507DD21A986922000ACEF6 /* CursorsWindow.m in Sources */,
			);
			runOnlyForDeploymentPostprocessing = 0;
		};
/* End PBXSourcesBuildPhase section */

/* Begin PBXVariantGroup section */
		28507DB61A986896000ACEF6 /* MainMenu.xib */ = {
			isa = PBXVariantGroup;
			children = (
				28507DB71A986896000ACEF6 /* Base */,
			);
			name = MainMenu.xib;
			sourceTree = "<group>";
		};
/* End PBXVariantGroup section */

/* Begin XCBuildConfiguration section */
		28507DC51A986896000ACEF6 /* Debug */ = {
			isa = XCBuildConfiguration;
			buildSettings = {
				ALWAYS_SEARCH_USER_PATHS = NO;
				CLANG_CXX_LANGUAGE_STANDARD = "gnu++0x";
				CLANG_CXX_LIBRARY = "libc++";
				CLANG_ENABLE_MODULES = YES;
				CLANG_ENABLE_OBJC_ARC = YES;
				CLANG_WARN_BOOL_CONVERSION = YES;
				CLANG_WARN_CONSTANT_CONVERSION = YES;
				CLANG_WARN_DIRECT_OBJC_ISA_USAGE = YES_ERROR;
				CLANG_WARN_EMPTY_BODY = YES;
				CLANG_WARN_ENUM_CONVERSION = YES;
				CLANG_WARN_INT_CONVERSION = YES;
				CLANG_WARN_OBJC_ROOT_CLASS = YES_ERROR;
				CLANG_WARN_UNREACHABLE_CODE = YES;
				CLANG_WARN__DUPLICATE_METHOD_MATCH = YES;
				CODE_SIGN_IDENTITY = "-";
				COPY_PHASE_STRIP = NO;
				ENABLE_STRICT_OBJC_MSGSEND = YES;
				GCC_C_LANGUAGE_STANDARD = gnu99;
				GCC_DYNAMIC_NO_PIC = NO;
				GCC_OPTIMIZATION_LEVEL = 0;
				GCC_PREPROCESSOR_DEFINITIONS = (
					"DEBUG=1",
					"$(inherited)",
				);
				GCC_SYMBOLS_PRIVATE_EXTERN = NO;
				GCC_WARN_64_TO_32_BIT_CONVERSION = YES;
				GCC_WARN_ABOUT_RETURN_TYPE = YES_ERROR;
				GCC_WARN_UNDECLARED_SELECTOR = YES;
				GCC_WARN_UNINITIALIZED_AUTOS = YES_AGGRESSIVE;
				GCC_WARN_UNUSED_FUNCTION = YES;
				GCC_WARN_UNUSED_VARIABLE = YES;
				MACOSX_DEPLOYMENT_TARGET = 10.10;
				MTL_ENABLE_DEBUG_INFO = YES;
				ONLY_ACTIVE_ARCH = YES;
				SDKROOT = macosx;
			};
			name = Debug;
		};
		28507DC61A986896000ACEF6 /* Release */ = {
			isa = XCBuildConfiguration;
			buildSettings = {
				ALWAYS_SEARCH_USER_PATHS = NO;
				CLANG_CXX_LANGUAGE_STANDARD = "gnu++0x";
				CLANG_CXX_LIBRARY = "libc++";
				CLANG_ENABLE_MODULES = YES;
				CLANG_ENABLE_OBJC_ARC = YES;
				CLANG_WARN_BOOL_CONVERSION = YES;
				CLANG_WARN_CONSTANT_CONVERSION = YES;
				CLANG_WARN_DIRECT_OBJC_ISA_USAGE = YES_ERROR;
				CLANG_WARN_EMPTY_BODY = YES;
				CLANG_WARN_ENUM_CONVERSION = YES;
				CLANG_WARN_INT_CONVERSION = YES;
				CLANG_WARN_OBJC_ROOT_CLASS = YES_ERROR;
				CLANG_WARN_UNREACHABLE_CODE = YES;
				CLANG_WARN__DUPLICATE_METHOD_MATCH = YES;
				CODE_SIGN_IDENTITY = "-";
				COPY_PHASE_STRIP = YES;
				DEBUG_INFORMATION_FORMAT = "dwarf-with-dsym";
				ENABLE_NS_ASSERTIONS = NO;
				ENABLE_STRICT_OBJC_MSGSEND = YES;
				GCC_C_LANGUAGE_STANDARD = gnu99;
				GCC_WARN_64_TO_32_BIT_CONVERSION = YES;
				GCC_WARN_ABOUT_RETURN_TYPE = YES_ERROR;
				GCC_WARN_UNDECLARED_SELECTOR = YES;
				GCC_WARN_UNINITIALIZED_AUTOS = YES_AGGRESSIVE;
				GCC_WARN_UNUSED_FUNCTION = YES;
				GCC_WARN_UNUSED_VARIABLE = YES;
				MACOSX_DEPLOYMENT_TARGET = 10.10;
				MTL_ENABLE_DEBUG_INFO = NO;
				SDKROOT = macosx;
			};
			name = Release;
		};
		28507DC81A986896000ACEF6 /* Debug */ = {
			isa = XCBuildConfiguration;
			buildSettings = {
				ASSETCATALOG_COMPILER_APPICON_NAME = AppIcon;
				COMBINE_HIDPI_IMAGES = YES;
				INFOPLIST_FILE = Cursors/Info.plist;
				LD_RUNPATH_SEARCH_PATHS = "$(inherited) @executable_path/../Frameworks";
				PRODUCT_NAME = "$(TARGET_NAME)";
			};
			name = Debug;
		};
		28507DC91A986896000ACEF6 /* Release */ = {
			isa = XCBuildConfiguration;
			buildSettings = {
				ASSETCATALOG_COMPILER_APPICON_NAME = AppIcon;
				COMBINE_HIDPI_IMAGES = YES;
				INFOPLIST_FILE = Cursors/Info.plist;
				LD_RUNPATH_SEARCH_PATHS = "$(inherited) @executable_path/../Frameworks";
				PRODUCT_NAME = "$(TARGET_NAME)";
			};
			name = Release;
		};
/* End XCBuildConfiguration section */

/* Begin XCConfigurationList section */
		28507DA51A986896000ACEF6 /* Build configuration list for PBXProject "Cursors" */ = {
			isa = XCConfigurationList;
			buildConfigurations = (
				28507DC51A986896000ACEF6 /* Debug */,
				28507DC61A986896000ACEF6 /* Release */,
			);
			defaultConfigurationIsVisible = 0;
			defaultConfigurationName = Release;
		};
		28507DC71A986896000ACEF6 /* Build configuration list for PBXNativeTarget "Cursors" */ = {
			isa = XCConfigurationList;
			buildConfigurations = (
				28507DC81A986896000ACEF6 /* Debug */,
				28507DC91A986896000ACEF6 /* Release */,
			);
			defaultConfigurationIsVisible = 0;
		};
/* End XCConfigurationList section */
	};
	rootObject = 28507DA21A986896000ACEF6 /* Project object */;
}
